
Microsoft Visual Studio Solution File, Format Version 12.00
# Visual Studio Version 17
VisualStudioVersion = 17.0.32112.339
MinimumVisualStudioVersion = 10.0.40219.1
Project("{9A19103F-16F7-4668-BE54-9A1E7A4F7556}") = "Tehtava1", "Tehtava1\Tehtava1.csproj", "{A7AC302E-0637-4E4D-AE39-030479BE8208}"
EndProject
Project("{2150E333-8FDC-42A3-9474-1A3956D46DE8}") = "Solution Items", "Solution Items", "{1BCFB71E-48BD-4ED3-9386-558E3F25D378}"
	ProjectSection(SolutionItems) = preProject
		Class1.cs = Class1.cs
	EndProjectSection
EndProject
Project("{9A19103F-16F7-4668-BE54-9A1E7A4F7556}") = "B2", "B2\B2.csproj", "{B092ADCF-DD39-446E-973B-1547A51BEC59}"
EndProject
Project("{FAE04EC0-301F-11D3-BF4B-00C04F79EFBC}") = "Guru1", "Guru1\Guru1.csproj", "{C80971F4-37A7-4AE3-A8B0-A83D84189FAE}"
EndProject
Project("{FAE04EC0-301F-11D3-BF4B-00C04F79EFBC}") = "B1", "B1\B1.csproj", "{F668C2F1-8A7E-43B9-9FC7-6F6EBF4415B4}"
EndProject
Project("{FAE04EC0-301F-11D3-BF4B-00C04F79EFBC}") = "B3", "B3\B3.csproj", "{56BAE653-BCFE-4A22-8024-2DFBACFA0065}"
EndProject
Project("{9A19103F-16F7-4668-BE54-9A1E7A4F7556}") = "Tehtava1Test", "Tehtava1Test\Tehtava1Test.csproj", "{AE1FD4FE-136F-41C3-8E13-DEB39227A1A0}"
EndProject
Project("{9A19103F-16F7-4668-BE54-9A1E7A4F7556}") = "B2Test", "B2Test\B2Test.csproj", "{5B86A4B3-1629-4B2C-8D89-7313BB02977D}"
EndProject
Project("{9A19103F-16F7-4668-BE54-9A1E7A4F7556}") = "Guru1Test", "Guru1Test\Guru1Test.csproj", "{00C7BDA0-EAC3-4E2B-A7DE-A17A2DD9F454}"
EndProject
Project("{9A19103F-16F7-4668-BE54-9A1E7A4F7556}") = "B1Test", "B1Test\B1Test.csproj", "{525E5C38-0B98-48BB-A013-4439BABE1284}"
EndProject
Project("{9A19103F-16F7-4668-BE54-9A1E7A4F7556}") = "B3Test", "B3Test\B3Test.csproj", "{AA1C3C0C-416B-489F-8E40-B74C0179224D}"
EndProject
Global
	GlobalSection(SolutionConfigurationPlatforms) = preSolution
		Debug|Any CPU = Debug|Any CPU
		Release|Any CPU = Release|Any CPU
	EndGlobalSection
	GlobalSection(ProjectConfigurationPlatforms) = postSolution
		{A7AC302E-0637-4E4D-AE39-030479BE8208}.Debug|Any CPU.ActiveCfg = Debug|Any CPU
		{A7AC302E-0637-4E4D-AE39-030479BE8208}.Debug|Any CPU.Build.0 = Debug|Any CPU
		{A7AC302E-0637-4E4D-AE39-030479BE8208}.Release|Any CPU.ActiveCfg = Release|Any CPU
		{A7AC302E-0637-4E4D-AE39-030479BE8208}.Release|Any CPU.Build.0 = Release|Any CPU
		{B092ADCF-DD39-446E-973B-1547A51BEC59}.Debug|Any CPU.ActiveCfg = Debug|Any CPU
		{B092ADCF-DD39-446E-973B-1547A51BEC59}.Debug|Any CPU.Build.0 = Debug|Any CPU
		{B092ADCF-DD39-446E-973B-1547A51BEC59}.Release|Any CPU.ActiveCfg = Release|Any CPU
		{B092ADCF-DD39-446E-973B-1547A51BEC59}.Release|Any CPU.Build.0 = Release|Any CPU
		{C80971F4-37A7-4AE3-A8B0-A83D84189FAE}.Debug|Any CPU.ActiveCfg = Debug|Any CPU
		{C80971F4-37A7-4AE3-A8B0-A83D84189FAE}.Debug|Any CPU.Build.0 = Debug|Any CPU
		{C80971F4-37A7-4AE3-A8B0-A83D84189FAE}.Release|Any CPU.ActiveCfg = Release|Any CPU
		{C80971F4-37A7-4AE3-A8B0-A83D84189FAE}.Release|Any CPU.Build.0 = Release|Any CPU
		{F668C2F1-8A7E-43B9-9FC7-6F6EBF4415B4}.Debug|Any CPU.ActiveCfg = Debug|Any CPU
		{F668C2F1-8A7E-43B9-9FC7-6F6EBF4415B4}.Debug|Any CPU.Build.0 = Debug|Any CPU
		{F668C2F1-8A7E-43B9-9FC7-6F6EBF4415B4}.Release|Any CPU.ActiveCfg = Release|Any CPU
		{F668C2F1-8A7E-43B9-9FC7-6F6EBF4415B4}.Release|Any CPU.Build.0 = Release|Any CPU
		{56BAE653-BCFE-4A22-8024-2DFBACFA0065}.Debug|Any CPU.ActiveCfg = Debug|Any CPU
		{56BAE653-BCFE-4A22-8024-2DFBACFA0065}.Debug|Any CPU.Build.0 = Debug|Any CPU
		{56BAE653-BCFE-4A22-8024-2DFBACFA0065}.Release|Any CPU.ActiveCfg = Release|Any CPU
		{56BAE653-BCFE-4A22-8024-2DFBACFA0065}.Release|Any CPU.Build.0 = Release|Any CPU
		{AE1FD4FE-136F-41C3-8E13-DEB39227A1A0}.Debug|Any CPU.ActiveCfg = Debug|Any CPU
		{AE1FD4FE-136F-41C3-8E13-DEB39227A1A0}.Debug|Any CPU.Build.0 = Debug|Any CPU
		{AE1FD4FE-136F-41C3-8E13-DEB39227A1A0}.Release|Any CPU.ActiveCfg = Release|Any CPU
		{AE1FD4FE-136F-41C3-8E13-DEB39227A1A0}.Release|Any CPU.Build.0 = Release|Any CPU
		{5B86A4B3-1629-4B2C-8D89-7313BB02977D}.Debug|Any CPU.ActiveCfg = Debug|Any CPU
		{5B86A4B3-1629-4B2C-8D89-7313BB02977D}.Debug|Any CPU.Build.0 = Debug|Any CPU
		{5B86A4B3-1629-4B2C-8D89-7313BB02977D}.Release|Any CPU.ActiveCfg = Release|Any CPU
		{5B86A4B3-1629-4B2C-8D89-7313BB02977D}.Release|Any CPU.Build.0 = Release|Any CPU
		{00C7BDA0-EAC3-4E2B-A7DE-A17A2DD9F454}.Debug|Any CPU.ActiveCfg = Debug|Any CPU
		{00C7BDA0-EAC3-4E2B-A7DE-A17A2DD9F454}.Debug|Any CPU.Build.0 = Debug|Any CPU
		{00C7BDA0-EAC3-4E2B-A7DE-A17A2DD9F454}.Release|Any CPU.ActiveCfg = Release|Any CPU
		{00C7BDA0-EAC3-4E2B-A7DE-A17A2DD9F454}.Release|Any CPU.Build.0 = Release|Any CPU
		{525E5C38-0B98-48BB-A013-4439BABE1284}.Debug|Any CPU.ActiveCfg = Debug|Any CPU
		{525E5C38-0B98-48BB-A013-4439BABE1284}.Debug|Any CPU.Build.0 = Debug|Any CPU
		{525E5C38-0B98-48BB-A013-4439BABE1284}.Release|Any CPU.ActiveCfg = Release|Any CPU
		{525E5C38-0B98-48BB-A013-4439BABE1284}.Release|Any CPU.Build.0 = Release|Any CPU
		{AA1C3C0C-416B-489F-8E40-B74C0179224D}.Debug|Any CPU.ActiveCfg = Debug|Any CPU
		{AA1C3C0C-416B-489F-8E40-B74C0179224D}.Debug|Any CPU.Build.0 = Debug|Any CPU
		{AA1C3C0C-416B-489F-8E40-B74C0179224D}.Release|Any CPU.ActiveCfg = Release|Any CPU
		{AA1C3C0C-416B-489F-8E40-B74C0179224D}.Release|Any CPU.Build.0 = Release|Any CPU
	EndGlobalSection
	GlobalSection(SolutionProperties) = preSolution
		HideSolutionNode = FALSE
	EndGlobalSection
	GlobalSection(ExtensibilityGlobals) = postSolution
		SolutionGuid = {33E44AB6-118C-4E0B-B8BF-C88B96FCF7E9}
	EndGlobalSection
EndGlobal
